
Microsoft Visual Studio Solution File, Format Version 12.00
# Visual Studio Version 16
VisualStudioVersion = 16.0.29728.190
MinimumVisualStudioVersion = 10.0.40219.1
Project("{9A19103F-16F7-4668-BE54-9A1E7A4F7556}") = "bachelor-work-backend", "bachelor-work-backend\bachelor-work-backend.csproj", "{5C07AC50-A34B-4F7C-9808-4CB0D99DE407}"
EndProject
Global
	GlobalSection(SolutionConfigurationPlatforms) = preSolution
		Debug|Any CPU = Debug|Any CPU
		Release|Any CPU = Release|Any CPU
	EndGlobalSection
	GlobalSection(ProjectConfigurationPlatforms) = postSolution
		{5C07AC50-A34B-4F7C-9808-4CB0D99DE407}.Debug|Any CPU.ActiveCfg = Debug|Any CPU
		{5C07AC50-A34B-4F7C-9808-4CB0D99DE407}.Debug|Any CPU.Build.0 = Debug|Any CPU
		{5C07AC50-A34B-4F7C-9808-4CB0D99DE407}.Release|Any CPU.ActiveCfg = Release|Any CPU
		{5C07AC50-A34B-4F7C-9808-4CB0D99DE407}.Release|Any CPU.Build.0 = Release|Any CPU
	EndGlobalSection
	GlobalSection(SolutionProperties) = preSolution
		HideSolutionNode = FALSE
	EndGlobalSection
	GlobalSection(ExtensibilityGlobals) = postSolution
		SolutionGuid = {CDE8AAEE-B099-4259-992A-53868BCDDDFD}
	EndGlobalSection
EndGlobal
